{
  "name": "go-aitranslator",
  "version": "1.0.0",
  "lockfileVersion": 3,
  "requires": true,
  "packages": {
    "": {
      "name": "go-aitranslator",
      "version": "1.0.0",
      "license": "MIT",
      "devDependencies": {},
      "engines": {
        "chrome": ">=88.0.0",
        "node": ">=14.0.0"
      },
      "funding": {
        "type": "individual",
        "url": "https://github.com/sponsors/RebixRise"
      }
    }
  }
}
